{
  "name": "deltchat-napi-jsonrpc-echo-bot",
  "version": "1.0.0",
  "lockfileVersion": 2,
  "requires": true,
  "packages": {
    "": {
      "name": "deltchat-napi-jsonrpc-echo-bot",
      "version": "1.0.0",
      "license": "UNLICENSE",
      "dependencies": {
        "@deltachat/napi-jsonrpc": "^0.101.1"
      },
      "devDependencies": {
        "@types/node": "^16.11.32",
        "typescript": "^4.8.4"
      }
    },
    "node_modules/@deltachat/jsonrpc-client": {
      "version": "1.101.0",
      "resolved": "https://registry.npmjs.org/@deltachat/jsonrpc-client/-/jsonrpc-client-1.101.0.tgz",
      "integrity": "sha512-pq0TDruy10iYN2dIgHWCdIoqm5Q5e1GIqkS00HJkqKmvFytXmA44zY6T+bPTMLmOqmC8glT4Krf2uXGLeVWtbw==",
      "dependencies": {
        "@deltachat/tiny-emitter": "3.0.0",
        "isomorphic-ws": "^4.0.1",
        "yerpc": "^0.3.3"
      }
    },
    "node_modules/@deltachat/napi-jsonrpc": {
      "version": "0.101.1",
      "resolved": "https://registry.npmjs.org/@deltachat/napi-jsonrpc/-/napi-jsonrpc-0.101.1.tgz",
      "integrity": "sha512-u9ISuMV1eRmmHvxZ4AKhaogJUnePFZvuwnuEd0833mYLwWbVs1qZO/YLpwD3SabNMEQZftLU214QBl5izsPEfw==",
      "dependencies": {
        "@deltachat/jsonrpc-client": "1.101.0"
      },
      "engines": {
        "node": ">= 10"
      },
      "optionalDependencies": {
        "@deltachat/napi-jsonrpc-darwin-arm64": "0.101.1",
        "@deltachat/napi-jsonrpc-darwin-x64": "0.101.1",
        "@deltachat/napi-jsonrpc-linux-arm-gnueabihf": "0.101.1",
        "@deltachat/napi-jsonrpc-linux-x64-gnu": "0.101.1",
        "@deltachat/napi-jsonrpc-win32-ia32-msvc": "0.101.1",
        "@deltachat/napi-jsonrpc-win32-x64-msvc": "0.101.1"
      }
    },
    "node_modules/@deltachat/napi-jsonrpc-darwin-arm64": {
      "version": "0.101.1",
      "resolved": "https://registry.npmjs.org/@deltachat/napi-jsonrpc-darwin-arm64/-/napi-jsonrpc-darwin-arm64-0.101.1.tgz",
      "integrity": "sha512-wTcCXp99Z2Wlk5rYRYlYRoHyt4FwTuwfwFzRIloeBLOd0gVifxmygK2254yNqDruAZ1C0G+SROGFApr5r5te0A==",
      "cpu": [
        "arm64"
      ],
      "optional": true,
      "os": [
        "darwin"
      ],
      "engines": {
        "node": ">= 10"
      }
    },
    "node_modules/@deltachat/napi-jsonrpc-darwin-x64": {
      "version": "0.101.1",
      "resolved": "https://registry.npmjs.org/@deltachat/napi-jsonrpc-darwin-x64/-/napi-jsonrpc-darwin-x64-0.101.1.tgz",
      "integrity": "sha512-DdfF6wOgq86SZJ122Xhw6h0Vzb+KGJIOLa1psOG4bf7kXCeBo+Nxn4tWi7HuQtn4nvOS3KALnBXTBwE7a3kt5w==",
      "cpu": [
        "x64"
      ],
      "optional": true,
      "os": [
        "darwin"
      ],
      "engines": {
        "node": ">= 10"
      }
    },
    "node_modules/@deltachat/napi-jsonrpc-linux-arm-gnueabihf": {
      "version": "0.101.1",
      "resolved": "https://registry.npmjs.org/@deltachat/napi-jsonrpc-linux-arm-gnueabihf/-/napi-jsonrpc-linux-arm-gnueabihf-0.101.1.tgz",
      "integrity": "sha512-sxtk9IEjnjhIXC5vf39EYLE0LWAlLV/NiEtgQ95UtNJt08HyiOFB1e11JCu0sO5DqYtp3lPF2L2qB8/43s+tAA==",
      "cpu": [
        "arm"
      ],
      "optional": true,
      "os": [
        "linux"
      ],
      "engines": {
        "node": ">= 10"
      }
    },
    "node_modules/@deltachat/napi-jsonrpc-linux-x64-gnu": {
      "version": "0.101.1",
      "resolved": "https://registry.npmjs.org/@deltachat/napi-jsonrpc-linux-x64-gnu/-/napi-jsonrpc-linux-x64-gnu-0.101.1.tgz",
      "integrity": "sha512-ucarwkqSlfe06Y9W0qs3ZPwENQ+/eF3gg5cMhyY3RiZph4uV1Le4aIEin2hNZfC16frjZ68DUJZaYsxiS207EQ==",
      "cpu": [
        "x64"
      ],
      "optional": true,
      "os": [
        "linux"
      ],
      "engines": {
        "node": ">= 10"
      }
    },
    "node_modules/@deltachat/napi-jsonrpc-win32-ia32-msvc": {
      "version": "0.101.1",
      "resolved": "https://registry.npmjs.org/@deltachat/napi-jsonrpc-win32-ia32-msvc/-/napi-jsonrpc-win32-ia32-msvc-0.101.1.tgz",
      "integrity": "sha512-VMgdknxPd/B97q/8Yx3RSRhsj9MD6dENAU8Mrs9jwVyjbQMkH5TOXqPTSID2mT664Xj+//Cl/kC+gfftzYW88A==",
      "cpu": [
        "ia32"
      ],
      "optional": true,
      "os": [
        "win32"
      ],
      "engines": {
        "node": ">= 10"
      }
    },
    "node_modules/@deltachat/napi-jsonrpc-win32-x64-msvc": {
      "version": "0.101.1",
      "resolved": "https://registry.npmjs.org/@deltachat/napi-jsonrpc-win32-x64-msvc/-/napi-jsonrpc-win32-x64-msvc-0.101.1.tgz",
      "integrity": "sha512-UkWx/y8COvoiRyiViSYLPl5j12MGYR86m7EdJXENZeNhIAX55ryTjgCgK66WpxRAckHfSkemQmDD78mpBL6vyA==",
      "cpu": [
        "x64"
      ],
      "optional": true,
      "os": [
        "win32"
      ],
      "engines": {
        "node": ">= 10"
      }
    },
    "node_modules/@deltachat/tiny-emitter": {
      "version": "3.0.0",
      "resolved": "https://registry.npmjs.org/@deltachat/tiny-emitter/-/tiny-emitter-3.0.0.tgz",
      "integrity": "sha512-iapvwGCEWFjXtObQ/vNzXS0+M9hrZrY2tMdV7SaX8kHXKVm3oIuJUVmUj5jhABTL7GstO6uKzV+36FUZVGOqCA=="
    },
    "node_modules/@types/node": {
      "version": "16.11.32",
      "resolved": "https://registry.npmjs.org/@types/node/-/node-16.11.32.tgz",
      "integrity": "sha512-+fnfNvG5JQdC1uGZiTx+0QVtoOHcggy6+epx65JYroPGsE1uhp+vo5kioiGKsAkor6ocwHteU2EvO7N8vtOZtA=="
    },
    "node_modules/@types/ws": {
      "version": "8.5.3",
      "resolved": "https://registry.npmjs.org/@types/ws/-/ws-8.5.3.tgz",
      "integrity": "sha512-6YOoWjruKj1uLf3INHH7D3qTXwFfEsg1kf3c0uDdSBJwfa/llkwIjrAGV7j7mVgGNbzTQ3HiHKKDXl6bJPD97w==",
      "dependencies": {
        "@types/node": "*"
      }
    },
    "node_modules/isomorphic-ws": {
      "version": "4.0.1",
      "resolved": "https://registry.npmjs.org/isomorphic-ws/-/isomorphic-ws-4.0.1.tgz",
      "integrity": "sha512-BhBvN2MBpWTaSHdWRb/bwdZJ1WaehQ2L1KngkCkfLUGF0mAWAT1sQUQacEmQ0jXkFw/czDXPNQSL5u2/Krsz1w==",
      "peerDependencies": {
        "ws": "*"
      }
    },
    "node_modules/typescript": {
      "version": "4.8.4",
      "resolved": "https://registry.npmjs.org/typescript/-/typescript-4.8.4.tgz",
      "integrity": "sha512-QCh+85mCy+h0IGff8r5XWzOVSbBO+KfeYrMQh7NJ58QujwcE22u+NUSmUxqF+un70P9GXKxa2HCNiTTMJknyjQ==",
      "bin": {
        "tsc": "bin/tsc",
        "tsserver": "bin/tsserver"
      },
      "engines": {
        "node": ">=4.2.0"
      }
    },
    "node_modules/ws": {
      "version": "8.11.0",
      "resolved": "https://registry.npmjs.org/ws/-/ws-8.11.0.tgz",
      "integrity": "sha512-HPG3wQd9sNQoT9xHyNCXoDUa+Xw/VevmY9FoHyQ+g+rrMn4j6FB4np7Z0OhdTgjx6MgQLK7jwSy1YecU1+4Asg==",
      "engines": {
        "node": ">=10.0.0"
      },
      "peerDependencies": {
        "bufferutil": "^4.0.1",
        "utf-8-validate": "^5.0.2"
      },
      "peerDependenciesMeta": {
        "bufferutil": {
          "optional": true
        },
        "utf-8-validate": {
          "optional": true
        }
      }
    },
    "node_modules/yerpc": {
      "version": "0.3.3",
      "resolved": "https://registry.npmjs.org/yerpc/-/yerpc-0.3.3.tgz",
      "integrity": "sha512-Z9gfXmoD914uaSvkq82VFwgRVXOfSGLzDcRS8A8mMdDXHEnhn/G/aBw3tWhv02N8nyj/rc4DqEVeq5wzk55YDA==",
      "dependencies": {
        "@types/ws": "^8.2.2",
        "isomorphic-ws": "^4.0.1",
        "typescript": "^4.6.3"
      },
      "optionalDependencies": {
        "ws": "^8.5.0"
      }
    }
  },
  "dependencies": {
    "@deltachat/jsonrpc-client": {
      "version": "1.101.0",
      "resolved": "https://registry.npmjs.org/@deltachat/jsonrpc-client/-/jsonrpc-client-1.101.0.tgz",
      "integrity": "sha512-pq0TDruy10iYN2dIgHWCdIoqm5Q5e1GIqkS00HJkqKmvFytXmA44zY6T+bPTMLmOqmC8glT4Krf2uXGLeVWtbw==",
      "requires": {
        "@deltachat/tiny-emitter": "3.0.0",
        "isomorphic-ws": "^4.0.1",
        "yerpc": "^0.3.3"
      }
    },
    "@deltachat/napi-jsonrpc": {
      "version": "0.101.1",
      "resolved": "https://registry.npmjs.org/@deltachat/napi-jsonrpc/-/napi-jsonrpc-0.101.1.tgz",
      "integrity": "sha512-u9ISuMV1eRmmHvxZ4AKhaogJUnePFZvuwnuEd0833mYLwWbVs1qZO/YLpwD3SabNMEQZftLU214QBl5izsPEfw==",
      "requires": {
        "@deltachat/jsonrpc-client": "1.101.0",
        "@deltachat/napi-jsonrpc-darwin-arm64": "0.101.1",
        "@deltachat/napi-jsonrpc-darwin-x64": "0.101.1",
        "@deltachat/napi-jsonrpc-linux-arm-gnueabihf": "0.101.1",
        "@deltachat/napi-jsonrpc-linux-x64-gnu": "0.101.1",
        "@deltachat/napi-jsonrpc-win32-ia32-msvc": "0.101.1",
        "@deltachat/napi-jsonrpc-win32-x64-msvc": "0.101.1"
      }
    },
    "@deltachat/napi-jsonrpc-darwin-arm64": {
      "version": "0.101.1",
      "resolved": "https://registry.npmjs.org/@deltachat/napi-jsonrpc-darwin-arm64/-/napi-jsonrpc-darwin-arm64-0.101.1.tgz",
      "integrity": "sha512-wTcCXp99Z2Wlk5rYRYlYRoHyt4FwTuwfwFzRIloeBLOd0gVifxmygK2254yNqDruAZ1C0G+SROGFApr5r5te0A==",
      "optional": true
    },
    "@deltachat/napi-jsonrpc-darwin-x64": {
      "version": "0.101.1",
      "resolved": "https://registry.npmjs.org/@deltachat/napi-jsonrpc-darwin-x64/-/napi-jsonrpc-darwin-x64-0.101.1.tgz",
      "integrity": "sha512-DdfF6wOgq86SZJ122Xhw6h0Vzb+KGJIOLa1psOG4bf7kXCeBo+Nxn4tWi7HuQtn4nvOS3KALnBXTBwE7a3kt5w==",
      "optional": true
    },
    "@deltachat/napi-jsonrpc-linux-arm-gnueabihf": {
      "version": "0.101.1",
      "resolved": "https://registry.npmjs.org/@deltachat/napi-jsonrpc-linux-arm-gnueabihf/-/napi-jsonrpc-linux-arm-gnueabihf-0.101.1.tgz",
      "integrity": "sha512-sxtk9IEjnjhIXC5vf39EYLE0LWAlLV/NiEtgQ95UtNJt08HyiOFB1e11JCu0sO5DqYtp3lPF2L2qB8/43s+tAA==",
      "optional": true
    },
    "@deltachat/napi-jsonrpc-linux-x64-gnu": {
      "version": "0.101.1",
      "resolved": "https://registry.npmjs.org/@deltachat/napi-jsonrpc-linux-x64-gnu/-/napi-jsonrpc-linux-x64-gnu-0.101.1.tgz",
      "integrity": "sha512-ucarwkqSlfe06Y9W0qs3ZPwENQ+/eF3gg5cMhyY3RiZph4uV1Le4aIEin2hNZfC16frjZ68DUJZaYsxiS207EQ==",
      "optional": true
    },
    "@deltachat/napi-jsonrpc-win32-ia32-msvc": {
      "version": "0.101.1",
      "resolved": "https://registry.npmjs.org/@deltachat/napi-jsonrpc-win32-ia32-msvc/-/napi-jsonrpc-win32-ia32-msvc-0.101.1.tgz",
      "integrity": "sha512-VMgdknxPd/B97q/8Yx3RSRhsj9MD6dENAU8Mrs9jwVyjbQMkH5TOXqPTSID2mT664Xj+//Cl/kC+gfftzYW88A==",
      "optional": true
    },
    "@deltachat/napi-jsonrpc-win32-x64-msvc": {
      "version": "0.101.1",
      "resolved": "https://registry.npmjs.org/@deltachat/napi-jsonrpc-win32-x64-msvc/-/napi-jsonrpc-win32-x64-msvc-0.101.1.tgz",
      "integrity": "sha512-UkWx/y8COvoiRyiViSYLPl5j12MGYR86m7EdJXENZeNhIAX55ryTjgCgK66WpxRAckHfSkemQmDD78mpBL6vyA==",
      "optional": true
    },
    "@deltachat/tiny-emitter": {
      "version": "3.0.0",
      "resolved": "https://registry.npmjs.org/@deltachat/tiny-emitter/-/tiny-emitter-3.0.0.tgz",
      "integrity": "sha512-iapvwGCEWFjXtObQ/vNzXS0+M9hrZrY2tMdV7SaX8kHXKVm3oIuJUVmUj5jhABTL7GstO6uKzV+36FUZVGOqCA=="
    },
    "@types/node": {
      "version": "16.11.32",
      "resolved": "https://registry.npmjs.org/@types/node/-/node-16.11.32.tgz",
      "integrity": "sha512-+fnfNvG5JQdC1uGZiTx+0QVtoOHcggy6+epx65JYroPGsE1uhp+vo5kioiGKsAkor6ocwHteU2EvO7N8vtOZtA=="
    },
    "@types/ws": {
      "version": "8.5.3",
      "resolved": "https://registry.npmjs.org/@types/ws/-/ws-8.5.3.tgz",
      "integrity": "sha512-6YOoWjruKj1uLf3INHH7D3qTXwFfEsg1kf3c0uDdSBJwfa/llkwIjrAGV7j7mVgGNbzTQ3HiHKKDXl6bJPD97w==",
      "requires": {
        "@types/node": "*"
      }
    },
    "isomorphic-ws": {
      "version": "4.0.1",
      "resolved": "https://registry.npmjs.org/isomorphic-ws/-/isomorphic-ws-4.0.1.tgz",
      "integrity": "sha512-BhBvN2MBpWTaSHdWRb/bwdZJ1WaehQ2L1KngkCkfLUGF0mAWAT1sQUQacEmQ0jXkFw/czDXPNQSL5u2/Krsz1w==",
      "requires": {}
    },
    "typescript": {
      "version": "4.8.4",
      "resolved": "https://registry.npmjs.org/typescript/-/typescript-4.8.4.tgz",
      "integrity": "sha512-QCh+85mCy+h0IGff8r5XWzOVSbBO+KfeYrMQh7NJ58QujwcE22u+NUSmUxqF+un70P9GXKxa2HCNiTTMJknyjQ=="
    },
    "ws": {
      "version": "8.11.0",
      "resolved": "https://registry.npmjs.org/ws/-/ws-8.11.0.tgz",
      "integrity": "sha512-HPG3wQd9sNQoT9xHyNCXoDUa+Xw/VevmY9FoHyQ+g+rrMn4j6FB4np7Z0OhdTgjx6MgQLK7jwSy1YecU1+4Asg==",
      "requires": {}
    },
    "yerpc": {
      "version": "0.3.3",
      "resolved": "https://registry.npmjs.org/yerpc/-/yerpc-0.3.3.tgz",
      "integrity": "sha512-Z9gfXmoD914uaSvkq82VFwgRVXOfSGLzDcRS8A8mMdDXHEnhn/G/aBw3tWhv02N8nyj/rc4DqEVeq5wzk55YDA==",
      "requires": {
        "@types/ws": "^8.2.2",
        "isomorphic-ws": "^4.0.1",
        "typescript": "^4.6.3",
        "ws": "^8.5.0"
      }
    }
  }
}
