{
  "name": "deltchat-napi-jsonrpc-echo-bot",
  "version": "1.0.0",
  "lockfileVersion": 2,
  "requires": true,
  "packages": {
    "": {
      "name": "deltchat-napi-jsonrpc-echo-bot",
      "version": "1.0.0",
      "license": "UNLICENSE",
      "dependencies": {
        "@deltachat/napi-jsonrpc": "^0.98.0"
      },
      "devDependencies": {
        "@types/node": "^16.11.32",
        "typescript": "^4.8.4"
      }
    },
    "node_modules/@deltachat/jsonrpc-client": {
      "version": "1.98.0",
      "resolved": "https://registry.npmjs.org/@deltachat/jsonrpc-client/-/jsonrpc-client-1.98.0.tgz",
      "integrity": "sha512-RPYeiOfcsuMKtCosNR2XrvpGUgQhDFqtUn/EbhcBZ/2EfT7J3hdDN33CbctYJ93kVzQiJipfDRp+EJnVoyX/kQ==",
      "dependencies": {
        "isomorphic-ws": "^4.0.1",
        "tiny-emitter": "git+https://github.com/Simon-Laux/tiny-emitter.git",
        "yerpc": "^0.3.3"
      }
    },
    "node_modules/@deltachat/napi-jsonrpc": {
      "version": "0.98.0",
      "resolved": "https://registry.npmjs.org/@deltachat/napi-jsonrpc/-/napi-jsonrpc-0.98.0.tgz",
      "integrity": "sha512-fdSk9FnitLnO6bG0gcDcPMyO2W9BxhgFryCU9k3Rgw0hbjUykFwL8pw1vsTgd/szQCtP833LOPumGXKWH03bXQ==",
      "dependencies": {
        "@deltachat/jsonrpc-client": "1.98.0"
      },
      "engines": {
        "node": ">= 10"
      },
      "optionalDependencies": {
        "@deltachat/napi-jsonrpc-darwin-arm64": "0.98.0",
        "@deltachat/napi-jsonrpc-darwin-x64": "0.98.0",
        "@deltachat/napi-jsonrpc-linux-arm-gnueabihf": "0.98.0",
        "@deltachat/napi-jsonrpc-linux-x64-gnu": "0.98.0",
        "@deltachat/napi-jsonrpc-win32-ia32-msvc": "0.98.0",
        "@deltachat/napi-jsonrpc-win32-x64-msvc": "0.98.0"
      }
    },
    "node_modules/@deltachat/napi-jsonrpc-darwin-arm64": {
      "version": "0.98.0",
      "resolved": "https://registry.npmjs.org/@deltachat/napi-jsonrpc-darwin-arm64/-/napi-jsonrpc-darwin-arm64-0.98.0.tgz",
      "integrity": "sha512-iZ/7eMlbdmQl2RE2QVMbU2TcU0LIXuuljC4Gx9/RS0XNnapCrySQlPRHXzQyDWveW+03FR82Gpt7tYksBq/ajA==",
      "cpu": [
        "arm64"
      ],
      "optional": true,
      "os": [
        "darwin"
      ],
      "engines": {
        "node": ">= 10"
      }
    },
    "node_modules/@deltachat/napi-jsonrpc-darwin-x64": {
      "version": "0.98.0",
      "resolved": "https://registry.npmjs.org/@deltachat/napi-jsonrpc-darwin-x64/-/napi-jsonrpc-darwin-x64-0.98.0.tgz",
      "integrity": "sha512-YB7arlNcNCM1gsj4IRrmTHlex4VuoPYLm7j6D/tTeC7Vw8/GR52gRiynZjYDf7tUUk70Iq80sAXpRmU5Bdhojw==",
      "cpu": [
        "x64"
      ],
      "optional": true,
      "os": [
        "darwin"
      ],
      "engines": {
        "node": ">= 10"
      }
    },
    "node_modules/@deltachat/napi-jsonrpc-linux-arm-gnueabihf": {
      "version": "0.98.0",
      "resolved": "https://registry.npmjs.org/@deltachat/napi-jsonrpc-linux-arm-gnueabihf/-/napi-jsonrpc-linux-arm-gnueabihf-0.98.0.tgz",
      "integrity": "sha512-+hC4eTzea8hMdy2yi23Buoi4FCs/BkKfLj/tAm0FV5Sd6QnmHrAOsTMnYPfd9JRX27Nz76AJnoc1hF3/kmiQXQ==",
      "cpu": [
        "arm"
      ],
      "optional": true,
      "os": [
        "linux"
      ],
      "engines": {
        "node": ">= 10"
      }
    },
    "node_modules/@deltachat/napi-jsonrpc-linux-x64-gnu": {
      "version": "0.98.0",
      "resolved": "https://registry.npmjs.org/@deltachat/napi-jsonrpc-linux-x64-gnu/-/napi-jsonrpc-linux-x64-gnu-0.98.0.tgz",
      "integrity": "sha512-yfQPw4Mc4SWg0qoBsM+lV29hTYjGRibDlGBeQ5MGcKuRQnDqLZUDGQ4YiYBnIiRi+WktK8ljidg4Fti30nzlTA==",
      "cpu": [
        "x64"
      ],
      "optional": true,
      "os": [
        "linux"
      ],
      "engines": {
        "node": ">= 10"
      }
    },
    "node_modules/@deltachat/napi-jsonrpc-win32-ia32-msvc": {
      "version": "0.98.0",
      "resolved": "https://registry.npmjs.org/@deltachat/napi-jsonrpc-win32-ia32-msvc/-/napi-jsonrpc-win32-ia32-msvc-0.98.0.tgz",
      "integrity": "sha512-rEfFeqlBFey6Ztljl0hEfMFeJgP6bpTSCji8dE4YTJh1It4TiaV7KLsLrmaM8Xn0j+miXDFwUnYdNvniObRMBw==",
      "cpu": [
        "ia32"
      ],
      "optional": true,
      "os": [
        "win32"
      ],
      "engines": {
        "node": ">= 10"
      }
    },
    "node_modules/@deltachat/napi-jsonrpc-win32-x64-msvc": {
      "version": "0.98.0",
      "resolved": "https://registry.npmjs.org/@deltachat/napi-jsonrpc-win32-x64-msvc/-/napi-jsonrpc-win32-x64-msvc-0.98.0.tgz",
      "integrity": "sha512-h5rMJqNHQZc3r6ogiyBP6LrOyemmehVgWeIHQvoDSZNl+E65ipsLfkkb9LKWyanfE2D6PqY8bGAoS1DEiY5f7w==",
      "cpu": [
        "x64"
      ],
      "optional": true,
      "os": [
        "win32"
      ],
      "engines": {
        "node": ">= 10"
      }
    },
    "node_modules/@types/node": {
      "version": "16.11.32",
      "resolved": "https://registry.npmjs.org/@types/node/-/node-16.11.32.tgz",
      "integrity": "sha512-+fnfNvG5JQdC1uGZiTx+0QVtoOHcggy6+epx65JYroPGsE1uhp+vo5kioiGKsAkor6ocwHteU2EvO7N8vtOZtA=="
    },
    "node_modules/@types/ws": {
      "version": "8.5.3",
      "resolved": "https://registry.npmjs.org/@types/ws/-/ws-8.5.3.tgz",
      "integrity": "sha512-6YOoWjruKj1uLf3INHH7D3qTXwFfEsg1kf3c0uDdSBJwfa/llkwIjrAGV7j7mVgGNbzTQ3HiHKKDXl6bJPD97w==",
      "dependencies": {
        "@types/node": "*"
      }
    },
    "node_modules/isomorphic-ws": {
      "version": "4.0.1",
      "resolved": "https://registry.npmjs.org/isomorphic-ws/-/isomorphic-ws-4.0.1.tgz",
      "integrity": "sha512-BhBvN2MBpWTaSHdWRb/bwdZJ1WaehQ2L1KngkCkfLUGF0mAWAT1sQUQacEmQ0jXkFw/czDXPNQSL5u2/Krsz1w==",
      "peerDependencies": {
        "ws": "*"
      }
    },
    "node_modules/tiny-emitter": {
      "version": "2.1.0",
      "resolved": "git+ssh://git@github.com/Simon-Laux/tiny-emitter.git#8d7ead27f8e55e815272c12cb63edde98a80f6c8",
      "license": "MIT"
    },
    "node_modules/typescript": {
      "version": "4.8.4",
      "resolved": "https://registry.npmjs.org/typescript/-/typescript-4.8.4.tgz",
      "integrity": "sha512-QCh+85mCy+h0IGff8r5XWzOVSbBO+KfeYrMQh7NJ58QujwcE22u+NUSmUxqF+un70P9GXKxa2HCNiTTMJknyjQ==",
      "bin": {
        "tsc": "bin/tsc",
        "tsserver": "bin/tsserver"
      },
      "engines": {
        "node": ">=4.2.0"
      }
    },
    "node_modules/ws": {
      "version": "8.10.0",
      "resolved": "https://registry.npmjs.org/ws/-/ws-8.10.0.tgz",
      "integrity": "sha512-+s49uSmZpvtAsd2h37vIPy1RBusaLawVe8of+GyEPsaJTCMpj/2v8NpeK1SHXjBlQ95lQTmQofOJnFiLoaN3yw==",
      "engines": {
        "node": ">=10.0.0"
      },
      "peerDependencies": {
        "bufferutil": "^4.0.1",
        "utf-8-validate": "^5.0.2"
      },
      "peerDependenciesMeta": {
        "bufferutil": {
          "optional": true
        },
        "utf-8-validate": {
          "optional": true
        }
      }
    },
    "node_modules/yerpc": {
      "version": "0.3.3",
      "resolved": "https://registry.npmjs.org/yerpc/-/yerpc-0.3.3.tgz",
      "integrity": "sha512-Z9gfXmoD914uaSvkq82VFwgRVXOfSGLzDcRS8A8mMdDXHEnhn/G/aBw3tWhv02N8nyj/rc4DqEVeq5wzk55YDA==",
      "dependencies": {
        "@types/ws": "^8.2.2",
        "isomorphic-ws": "^4.0.1",
        "typescript": "^4.6.3"
      },
      "optionalDependencies": {
        "ws": "^8.5.0"
      }
    }
  },
  "dependencies": {
    "@deltachat/jsonrpc-client": {
      "version": "1.98.0",
      "resolved": "https://registry.npmjs.org/@deltachat/jsonrpc-client/-/jsonrpc-client-1.98.0.tgz",
      "integrity": "sha512-RPYeiOfcsuMKtCosNR2XrvpGUgQhDFqtUn/EbhcBZ/2EfT7J3hdDN33CbctYJ93kVzQiJipfDRp+EJnVoyX/kQ==",
      "requires": {
        "isomorphic-ws": "^4.0.1",
        "tiny-emitter": "git+https://github.com/Simon-Laux/tiny-emitter.git",
        "yerpc": "^0.3.3"
      }
    },
    "@deltachat/napi-jsonrpc": {
      "version": "0.98.0",
      "resolved": "https://registry.npmjs.org/@deltachat/napi-jsonrpc/-/napi-jsonrpc-0.98.0.tgz",
      "integrity": "sha512-fdSk9FnitLnO6bG0gcDcPMyO2W9BxhgFryCU9k3Rgw0hbjUykFwL8pw1vsTgd/szQCtP833LOPumGXKWH03bXQ==",
      "requires": {
        "@deltachat/jsonrpc-client": "1.98.0",
        "@deltachat/napi-jsonrpc-darwin-arm64": "0.98.0",
        "@deltachat/napi-jsonrpc-darwin-x64": "0.98.0",
        "@deltachat/napi-jsonrpc-linux-arm-gnueabihf": "0.98.0",
        "@deltachat/napi-jsonrpc-linux-x64-gnu": "0.98.0",
        "@deltachat/napi-jsonrpc-win32-ia32-msvc": "0.98.0",
        "@deltachat/napi-jsonrpc-win32-x64-msvc": "0.98.0"
      }
    },
    "@deltachat/napi-jsonrpc-darwin-arm64": {
      "version": "0.98.0",
      "resolved": "https://registry.npmjs.org/@deltachat/napi-jsonrpc-darwin-arm64/-/napi-jsonrpc-darwin-arm64-0.98.0.tgz",
      "integrity": "sha512-iZ/7eMlbdmQl2RE2QVMbU2TcU0LIXuuljC4Gx9/RS0XNnapCrySQlPRHXzQyDWveW+03FR82Gpt7tYksBq/ajA==",
      "optional": true
    },
    "@deltachat/napi-jsonrpc-darwin-x64": {
      "version": "0.98.0",
      "resolved": "https://registry.npmjs.org/@deltachat/napi-jsonrpc-darwin-x64/-/napi-jsonrpc-darwin-x64-0.98.0.tgz",
      "integrity": "sha512-YB7arlNcNCM1gsj4IRrmTHlex4VuoPYLm7j6D/tTeC7Vw8/GR52gRiynZjYDf7tUUk70Iq80sAXpRmU5Bdhojw==",
      "optional": true
    },
    "@deltachat/napi-jsonrpc-linux-arm-gnueabihf": {
      "version": "0.98.0",
      "resolved": "https://registry.npmjs.org/@deltachat/napi-jsonrpc-linux-arm-gnueabihf/-/napi-jsonrpc-linux-arm-gnueabihf-0.98.0.tgz",
      "integrity": "sha512-+hC4eTzea8hMdy2yi23Buoi4FCs/BkKfLj/tAm0FV5Sd6QnmHrAOsTMnYPfd9JRX27Nz76AJnoc1hF3/kmiQXQ==",
      "optional": true
    },
    "@deltachat/napi-jsonrpc-linux-x64-gnu": {
      "version": "0.98.0",
      "resolved": "https://registry.npmjs.org/@deltachat/napi-jsonrpc-linux-x64-gnu/-/napi-jsonrpc-linux-x64-gnu-0.98.0.tgz",
      "integrity": "sha512-yfQPw4Mc4SWg0qoBsM+lV29hTYjGRibDlGBeQ5MGcKuRQnDqLZUDGQ4YiYBnIiRi+WktK8ljidg4Fti30nzlTA==",
      "optional": true
    },
    "@deltachat/napi-jsonrpc-win32-ia32-msvc": {
      "version": "0.98.0",
      "resolved": "https://registry.npmjs.org/@deltachat/napi-jsonrpc-win32-ia32-msvc/-/napi-jsonrpc-win32-ia32-msvc-0.98.0.tgz",
      "integrity": "sha512-rEfFeqlBFey6Ztljl0hEfMFeJgP6bpTSCji8dE4YTJh1It4TiaV7KLsLrmaM8Xn0j+miXDFwUnYdNvniObRMBw==",
      "optional": true
    },
    "@deltachat/napi-jsonrpc-win32-x64-msvc": {
      "version": "0.98.0",
      "resolved": "https://registry.npmjs.org/@deltachat/napi-jsonrpc-win32-x64-msvc/-/napi-jsonrpc-win32-x64-msvc-0.98.0.tgz",
      "integrity": "sha512-h5rMJqNHQZc3r6ogiyBP6LrOyemmehVgWeIHQvoDSZNl+E65ipsLfkkb9LKWyanfE2D6PqY8bGAoS1DEiY5f7w==",
      "optional": true
    },
    "@types/node": {
      "version": "16.11.32",
      "resolved": "https://registry.npmjs.org/@types/node/-/node-16.11.32.tgz",
      "integrity": "sha512-+fnfNvG5JQdC1uGZiTx+0QVtoOHcggy6+epx65JYroPGsE1uhp+vo5kioiGKsAkor6ocwHteU2EvO7N8vtOZtA=="
    },
    "@types/ws": {
      "version": "8.5.3",
      "resolved": "https://registry.npmjs.org/@types/ws/-/ws-8.5.3.tgz",
      "integrity": "sha512-6YOoWjruKj1uLf3INHH7D3qTXwFfEsg1kf3c0uDdSBJwfa/llkwIjrAGV7j7mVgGNbzTQ3HiHKKDXl6bJPD97w==",
      "requires": {
        "@types/node": "*"
      }
    },
    "isomorphic-ws": {
      "version": "4.0.1",
      "resolved": "https://registry.npmjs.org/isomorphic-ws/-/isomorphic-ws-4.0.1.tgz",
      "integrity": "sha512-BhBvN2MBpWTaSHdWRb/bwdZJ1WaehQ2L1KngkCkfLUGF0mAWAT1sQUQacEmQ0jXkFw/czDXPNQSL5u2/Krsz1w==",
      "requires": {}
    },
    "tiny-emitter": {
      "version": "git+ssh://git@github.com/Simon-Laux/tiny-emitter.git#8d7ead27f8e55e815272c12cb63edde98a80f6c8",
      "from": "tiny-emitter@git+https://github.com/Simon-Laux/tiny-emitter.git"
    },
    "typescript": {
      "version": "4.8.4",
      "resolved": "https://registry.npmjs.org/typescript/-/typescript-4.8.4.tgz",
      "integrity": "sha512-QCh+85mCy+h0IGff8r5XWzOVSbBO+KfeYrMQh7NJ58QujwcE22u+NUSmUxqF+un70P9GXKxa2HCNiTTMJknyjQ=="
    },
    "ws": {
      "version": "8.10.0",
      "resolved": "https://registry.npmjs.org/ws/-/ws-8.10.0.tgz",
      "integrity": "sha512-+s49uSmZpvtAsd2h37vIPy1RBusaLawVe8of+GyEPsaJTCMpj/2v8NpeK1SHXjBlQ95lQTmQofOJnFiLoaN3yw==",
      "requires": {}
    },
    "yerpc": {
      "version": "0.3.3",
      "resolved": "https://registry.npmjs.org/yerpc/-/yerpc-0.3.3.tgz",
      "integrity": "sha512-Z9gfXmoD914uaSvkq82VFwgRVXOfSGLzDcRS8A8mMdDXHEnhn/G/aBw3tWhv02N8nyj/rc4DqEVeq5wzk55YDA==",
      "requires": {
        "@types/ws": "^8.2.2",
        "isomorphic-ws": "^4.0.1",
        "typescript": "^4.6.3",
        "ws": "^8.5.0"
      }
    }
  }
}
