github.com/creachadair/jrpc2 v0.44.0 h1:O7H8XMliOemo2u598dN7Knld8K3TZgOnY9Mm0IIqt28=
github.com/creachadair/jrpc2 v0.44.0/go.mod h1:mVyD3HybrKVaZqFNRVGZGWH9Gd1OXtnmfqZT7T1oLQw=
github.com/deltachat/deltachat-rpc-client-go v0.1.0 h1:vdJbAQh7OGaXgRcFwQLrsclA1RQdPV7eF0CxxmpGqzI=
github.com/deltachat/deltachat-rpc-client-go v0.1.0/go.mod h1:LiHW4HxGGwP4yfO5qZWRf26KwYVoUz5IrIkShHuNpWM=
github.com/fortytw2/leaktest v1.3.0 h1:u8491cBMTQ8ft8aeV+adlcytMZylmA5nnwwkRZjI8vw=
github.com/google/go-cmp v0.5.9 h1:O2Tfq5qg4qc4AmwVlvv0oLiVAGB7enBSJ2x2DqQFi38=
golang.org/x/sync v0.1.0 h1:wsuoTGHzEhffawBOhz5CYhcrV4IdKZbEyZjBMuTp12o=
golang.org/x/sync v0.1.0/go.mod h1:RxMgew5VJxzue5/jJTE5uejpjVlOe/izrB70Jof72aM=
