{
  "name": "nodejs_stdio_jsonrpc",
  "version": "1.0.0",
  "lockfileVersion": 3,
  "requires": true,
  "packages": {
    "": {
      "name": "nodejs_stdio_jsonrpc",
      "version": "1.0.0",
      "license": "Unlicense",
      "dependencies": {
        "@deltachat/jsonrpc-client": "^1.139.2",
        "@deltachat/stdio-rpc-server": "^1.139.2"
      }
    },
    "node_modules/@deltachat/jsonrpc-client": {
      "version": "1.139.2",
      "resolved": "https://registry.npmjs.org/@deltachat/jsonrpc-client/-/jsonrpc-client-1.139.2.tgz",
      "integrity": "sha512-uvYoUpUFA8j0y5Qb6/hq93s1svWSx0agg9H/iFBABtS7zOV0RqxHk4PpeOhFa3O7Fe057Z8fx/R6NTCsxImV+g==",
      "dependencies": {
        "@deltachat/tiny-emitter": "3.0.0",
        "isomorphic-ws": "^4.0.1",
        "yerpc": "^0.4.3"
      }
    },
    "node_modules/@deltachat/stdio-rpc-server": {
      "version": "1.139.2",
      "resolved": "https://registry.npmjs.org/@deltachat/stdio-rpc-server/-/stdio-rpc-server-1.139.2.tgz",
      "integrity": "sha512-t+TVwggtdsLFPZxDmrg+9/A5Izl321nDFlCepyy1MYYte4dqfUDkdLZkOMV+ECUTGegSP9tskmn442QvqYrXIw==",
      "optionalDependencies": {
        "@deltachat/stdio-rpc-server-android-arm": "1.139.2",
        "@deltachat/stdio-rpc-server-android-arm64": "1.139.2",
        "@deltachat/stdio-rpc-server-darwin-arm64": "1.139.2",
        "@deltachat/stdio-rpc-server-darwin-x64": "1.139.2",
        "@deltachat/stdio-rpc-server-linux-arm": "1.139.2",
        "@deltachat/stdio-rpc-server-linux-arm64": "1.139.2",
        "@deltachat/stdio-rpc-server-linux-ia32": "1.139.2",
        "@deltachat/stdio-rpc-server-linux-x64": "1.139.2",
        "@deltachat/stdio-rpc-server-win32-ia32": "1.139.2",
        "@deltachat/stdio-rpc-server-win32-x64": "1.139.2"
      },
      "peerDependencies": {
        "@deltachat/jsonrpc-client": "*"
      }
    },
    "node_modules/@deltachat/stdio-rpc-server-android-arm": {
      "version": "1.139.2",
      "resolved": "https://registry.npmjs.org/@deltachat/stdio-rpc-server-android-arm/-/stdio-rpc-server-android-arm-1.139.2.tgz",
      "integrity": "sha512-WN2c9UdjP7qPIYWyMZxvEg7IgM8iDPEtsaoQhFYH7ZD4zHXUZPONsqLldyx5lPgaFcO6tJb9zy7uvquWxltsBg==",
      "cpu": [
        "arm"
      ],
      "optional": true,
      "os": [
        "android"
      ]
    },
    "node_modules/@deltachat/stdio-rpc-server-android-arm64": {
      "version": "1.139.2",
      "resolved": "https://registry.npmjs.org/@deltachat/stdio-rpc-server-android-arm64/-/stdio-rpc-server-android-arm64-1.139.2.tgz",
      "integrity": "sha512-eDaLNHVoTdPqWEWUGzQZmL65b4iL9us6ai3JBJA83eIfY18fR9uj5lFqeFj9suo2G2a1R1crBrB6Kzih3HZR1A==",
      "cpu": [
        "arm64"
      ],
      "optional": true,
      "os": [
        "android"
      ]
    },
    "node_modules/@deltachat/stdio-rpc-server-darwin-arm64": {
      "version": "1.139.2",
      "resolved": "https://registry.npmjs.org/@deltachat/stdio-rpc-server-darwin-arm64/-/stdio-rpc-server-darwin-arm64-1.139.2.tgz",
      "integrity": "sha512-7qDUZEqfbdHuMbfuAj5hMMmVHJLqj+p2Mc4oGYwvmn/HkW6287U0xm/dkFEET3GWhm1caoeT17vnQSLQRzvt5g==",
      "cpu": [
        "arm64"
      ],
      "optional": true,
      "os": [
        "darwin"
      ]
    },
    "node_modules/@deltachat/stdio-rpc-server-darwin-x64": {
      "version": "1.139.2",
      "resolved": "https://registry.npmjs.org/@deltachat/stdio-rpc-server-darwin-x64/-/stdio-rpc-server-darwin-x64-1.139.2.tgz",
      "integrity": "sha512-IUJ/3nPD4jAiW4txvoWvOEVc3GdsWWPt5s9EPhmkwRqRPiabqA7fZf1Jtb0cJWFzK+8VXn7gFeQpaKGvXuFpww==",
      "cpu": [
        "x64"
      ],
      "optional": true,
      "os": [
        "darwin"
      ]
    },
    "node_modules/@deltachat/stdio-rpc-server-linux-arm": {
      "version": "1.139.2",
      "resolved": "https://registry.npmjs.org/@deltachat/stdio-rpc-server-linux-arm/-/stdio-rpc-server-linux-arm-1.139.2.tgz",
      "integrity": "sha512-sTKe47mKWd+h4hYAntA2KAJNOLye5vKve7GDSKiU6mGuB4cCa1RhHsHT0YD98PQaSfXun9+txxpQ8skcrDdfcg==",
      "cpu": [
        "arm"
      ],
      "optional": true,
      "os": [
        "linux"
      ]
    },
    "node_modules/@deltachat/stdio-rpc-server-linux-arm64": {
      "version": "1.139.2",
      "resolved": "https://registry.npmjs.org/@deltachat/stdio-rpc-server-linux-arm64/-/stdio-rpc-server-linux-arm64-1.139.2.tgz",
      "integrity": "sha512-slayD/7alq+FlLWrx1Qposx01sWMCBubqpTlVzIb3Y8nRCz7K0GmDXufzae19j6r9PFsBej4hIQf7XnYMGtA4g==",
      "cpu": [
        "arm64"
      ],
      "optional": true,
      "os": [
        "linux"
      ]
    },
    "node_modules/@deltachat/stdio-rpc-server-linux-ia32": {
      "version": "1.139.2",
      "resolved": "https://registry.npmjs.org/@deltachat/stdio-rpc-server-linux-ia32/-/stdio-rpc-server-linux-ia32-1.139.2.tgz",
      "integrity": "sha512-R2qK//L2eWAz74JcdVQ73yKvuVuzT5dQoXU9xcCUn7fxw25anSUbX/nWQprQbNFUFRUMQgpXtrwnW0iNruSzQw==",
      "cpu": [
        "ia32"
      ],
      "optional": true,
      "os": [
        "linux"
      ]
    },
    "node_modules/@deltachat/stdio-rpc-server-linux-x64": {
      "version": "1.139.2",
      "resolved": "https://registry.npmjs.org/@deltachat/stdio-rpc-server-linux-x64/-/stdio-rpc-server-linux-x64-1.139.2.tgz",
      "integrity": "sha512-PCPklKL6w0q5IEKYzvU0MU59dExa+Vn02AphXXfAcbJfRU8WncEgrTS0VUWk9pmeve4vM5U14f+hd5JsyklUWQ==",
      "cpu": [
        "x64"
      ],
      "optional": true,
      "os": [
        "linux"
      ]
    },
    "node_modules/@deltachat/stdio-rpc-server-win32-ia32": {
      "version": "1.139.2",
      "resolved": "https://registry.npmjs.org/@deltachat/stdio-rpc-server-win32-ia32/-/stdio-rpc-server-win32-ia32-1.139.2.tgz",
      "integrity": "sha512-iyRsyNNIvvCidc4Aly5PuJ7gRwlrQZhkXM6/n9Ic8f82BboVOULDWjhbP7ACWXzvD5R6ddPO9qBAw5K25A2wAw==",
      "cpu": [
        "ia32"
      ],
      "optional": true,
      "os": [
        "win32"
      ]
    },
    "node_modules/@deltachat/stdio-rpc-server-win32-x64": {
      "version": "1.139.2",
      "resolved": "https://registry.npmjs.org/@deltachat/stdio-rpc-server-win32-x64/-/stdio-rpc-server-win32-x64-1.139.2.tgz",
      "integrity": "sha512-wiMs1u7TFbx76vJLRXt5j9lE93GYxsrXzO7V4fpKcshc+0v9vLdwanI7w3qrc8DHqOTrYJyXnoLBv6TXY0istA==",
      "cpu": [
        "x64"
      ],
      "optional": true,
      "os": [
        "win32"
      ]
    },
    "node_modules/@deltachat/tiny-emitter": {
      "version": "3.0.0",
      "resolved": "https://registry.npmjs.org/@deltachat/tiny-emitter/-/tiny-emitter-3.0.0.tgz",
      "integrity": "sha512-iapvwGCEWFjXtObQ/vNzXS0+M9hrZrY2tMdV7SaX8kHXKVm3oIuJUVmUj5jhABTL7GstO6uKzV+36FUZVGOqCA=="
    },
    "node_modules/@types/node": {
      "version": "20.12.11",
      "resolved": "https://registry.npmjs.org/@types/node/-/node-20.12.11.tgz",
      "integrity": "sha512-vDg9PZ/zi+Nqp6boSOT7plNuthRugEKixDv5sFTIpkE89MmNtEArAShI4mxuX2+UrLEe9pxC1vm2cjm9YlWbJw==",
      "dependencies": {
        "undici-types": "~5.26.4"
      }
    },
    "node_modules/@types/ws": {
      "version": "8.5.10",
      "resolved": "https://registry.npmjs.org/@types/ws/-/ws-8.5.10.tgz",
      "integrity": "sha512-vmQSUcfalpIq0R9q7uTo2lXs6eGIpt9wtnLdMv9LVpIjCA/+ufZRozlVoVelIYixx1ugCBKDhn89vnsEGOCx9A==",
      "dependencies": {
        "@types/node": "*"
      }
    },
    "node_modules/isomorphic-ws": {
      "version": "4.0.1",
      "resolved": "https://registry.npmjs.org/isomorphic-ws/-/isomorphic-ws-4.0.1.tgz",
      "integrity": "sha512-BhBvN2MBpWTaSHdWRb/bwdZJ1WaehQ2L1KngkCkfLUGF0mAWAT1sQUQacEmQ0jXkFw/czDXPNQSL5u2/Krsz1w==",
      "peerDependencies": {
        "ws": "*"
      }
    },
    "node_modules/typescript": {
      "version": "4.9.5",
      "resolved": "https://registry.npmjs.org/typescript/-/typescript-4.9.5.tgz",
      "integrity": "sha512-1FXk9E2Hm+QzZQ7z+McJiHL4NW1F2EzMu9Nq9i3zAaGqibafqYwCVU6WyWAuyQRRzOlxou8xZSyXLEN8oKj24g==",
      "bin": {
        "tsc": "bin/tsc",
        "tsserver": "bin/tsserver"
      },
      "engines": {
        "node": ">=4.2.0"
      }
    },
    "node_modules/undici-types": {
      "version": "5.26.5",
      "resolved": "https://registry.npmjs.org/undici-types/-/undici-types-5.26.5.tgz",
      "integrity": "sha512-JlCMO+ehdEIKqlFxk6IfVoAUVmgz7cU7zD/h9XZ0qzeosSHmUJVOzSQvvYSYWXkFXC+IfLKSIffhv0sVZup6pA=="
    },
    "node_modules/ws": {
      "version": "8.17.0",
      "resolved": "https://registry.npmjs.org/ws/-/ws-8.17.0.tgz",
      "integrity": "sha512-uJq6108EgZMAl20KagGkzCKfMEjxmKvZHG7Tlq0Z6nOky7YF7aq4mOx6xK8TJ/i1LeK4Qus7INktacctDgY8Ow==",
      "engines": {
        "node": ">=10.0.0"
      },
      "peerDependencies": {
        "bufferutil": "^4.0.1",
        "utf-8-validate": ">=5.0.2"
      },
      "peerDependenciesMeta": {
        "bufferutil": {
          "optional": true
        },
        "utf-8-validate": {
          "optional": true
        }
      }
    },
    "node_modules/yerpc": {
      "version": "0.4.3",
      "resolved": "https://registry.npmjs.org/yerpc/-/yerpc-0.4.3.tgz",
      "integrity": "sha512-hV3Ker36ZnxNnWv0FiJ53vQCQBdxKlS5Tid1lQqrnylXKffgKHfoY5U/XpeGDjfeK6e7zdwQOgU9oUbnTxkcew==",
      "dependencies": {
        "@types/ws": "^8.2.2",
        "isomorphic-ws": "^4.0.1",
        "typescript": "^4.6.3"
      },
      "optionalDependencies": {
        "ws": "^8.5.0"
      }
    }
  }
}
